// !$*UTF8*$!
{
	archiveVersion = 1;
	classes = {
	};
	objectVersion = 56;
	objects = {

/* Begin PBXBuildFile section */
		5D7BBA9D2B844B3F00ED6995 /* AppDelegate.swift in Sources */ = {isa = PBXBuildFile; fileRef = 5D7BBA9C2B844B3F00ED6995 /* AppDelegate.swift */; };
		5D7BBAA62B844B4000ED6995 /* Assets.xcassets in Resources */ = {isa = PBXBuildFile; fileRef = 5D7BBAA52B844B4000ED6995 /* Assets.xcassets */; };
		5D7BBAA92B844B4000ED6995 /* LaunchScreen.storyboard in Resources */ = {isa = PBXBuildFile; fileRef = 5D7BBAA72B844B4000ED6995 /* LaunchScreen.storyboard */; };
		5D7BBAB32B84506600ED6995 /* Alamofire in Frameworks */ = {isa = PBXBuildFile; productRef = 5D7BBAB22B84506600ED6995 /* Alamofire */; };
		5D7BBAB62B84508900ED6995 /* ObjectMapper in Frameworks */ = {isa = PBXBuildFile; productRef = 5D7BBAB52B84508900ED6995 /* ObjectMapper */; };
		5D7BBAB92B8450B800ED6995 /* SDWebImage in Frameworks */ = {isa = PBXBuildFile; productRef = 5D7BBAB82B8450B800ED6995 /* SDWebImage */; };
		5D7BBABB2B8450B800ED6995 /* SDWebImageMapKit in Frameworks */ = {isa = PBXBuildFile; productRef = 5D7BBABA2B8450B800ED6995 /* SDWebImageMapKit */; };
		5D7BBABF2B84511C00ED6995 /* Assembler.swift in Sources */ = {isa = PBXBuildFile; fileRef = 5D7BBABE2B84511C00ED6995 /* Assembler.swift */; };
		5D7BBAC12B84516000ED6995 /* AuthAssembler.swift in Sources */ = {isa = PBXBuildFile; fileRef = 5D7BBAC02B84516000ED6995 /* AuthAssembler.swift */; };
		5D7BBAC52B8451A700ED6995 /* AuthViewController.swift in Sources */ = {isa = PBXBuildFile; fileRef = 5D7BBAC42B8451A700ED6995 /* AuthViewController.swift */; };
		5D7BBAD22B84552A00ED6995 /* UserDataSource.swift in Sources */ = {isa = PBXBuildFile; fileRef = 5D7BBAD12B84552A00ED6995 /* UserDataSource.swift */; };
		5D7BBAD62B8458AB00ED6995 /* UserModel.swift in Sources */ = {isa = PBXBuildFile; fileRef = 5D7BBAD52B8458AB00ED6995 /* UserModel.swift */; };
		5D7BBAD92B845A3900ED6995 /* APIService.swift in Sources */ = {isa = PBXBuildFile; fileRef = 5D7BBAD82B845A3900ED6995 /* APIService.swift */; };
		5D7BBADB2B845BB200ED6995 /* APIError.swift in Sources */ = {isa = PBXBuildFile; fileRef = 5D7BBADA2B845BB200ED6995 /* APIError.swift */; };
		5D7BBADD2B845BDA00ED6995 /* APIFactory.swift in Sources */ = {isa = PBXBuildFile; fileRef = 5D7BBADC2B845BDA00ED6995 /* APIFactory.swift */; };
		5D7BBADF2B845BFB00ED6995 /* Encodable.swift in Sources */ = {isa = PBXBuildFile; fileRef = 5D7BBADE2B845BFB00ED6995 /* Encodable.swift */; };
		5D7BBAE32B845C3100ED6995 /* UserResponse.swift in Sources */ = {isa = PBXBuildFile; fileRef = 5D7BBAE22B845C3100ED6995 /* UserResponse.swift */; };
		5D7BBAE62B845D2600ED6995 /* MovieAPI.swift in Sources */ = {isa = PBXBuildFile; fileRef = 5D7BBAE52B845D2600ED6995 /* MovieAPI.swift */; };
		5D7BBAE92B845D5100ED6995 /* UserParameter.swift in Sources */ = {isa = PBXBuildFile; fileRef = 5D7BBAE82B845D5100ED6995 /* UserParameter.swift */; };
		5D7BBAEB2B845D6300ED6995 /* Constants.swift in Sources */ = {isa = PBXBuildFile; fileRef = 5D7BBAEA2B845D6300ED6995 /* Constants.swift */; };
		5D7BBAEF2B84619A00ED6995 /* UserRepository.swift in Sources */ = {isa = PBXBuildFile; fileRef = 5D7BBAEE2B84619A00ED6995 /* UserRepository.swift */; };
		5D7BBAF32B846B5400ED6995 /* AuthUseCase.swift in Sources */ = {isa = PBXBuildFile; fileRef = 5D7BBAF22B846B5400ED6995 /* AuthUseCase.swift */; };
		5D7BBAF62B846D2900ED6995 /* AuthViewModel.swift in Sources */ = {isa = PBXBuildFile; fileRef = 5D7BBAF52B846D2900ED6995 /* AuthViewModel.swift */; };
		5D7BBAF82B846D8300ED6995 /* AuthViewController.xib in Resources */ = {isa = PBXBuildFile; fileRef = 5D7BBAF72B846D8300ED6995 /* AuthViewController.xib */; };
		5D7BBAFB2B84703400ED6995 /* UserSessionDataSource.swift in Sources */ = {isa = PBXBuildFile; fileRef = 5D7BBAFA2B84703400ED6995 /* UserSessionDataSource.swift */; };
		5D7BBAFD2B84952100ED6995 /* HomeAssembler.swift in Sources */ = {isa = PBXBuildFile; fileRef = 5D7BBAFC2B84952100ED6995 /* HomeAssembler.swift */; };
		5D7BBB022B84953D00ED6995 /* HomeViewController.swift in Sources */ = {isa = PBXBuildFile; fileRef = 5D7BBB002B84953D00ED6995 /* HomeViewController.swift */; };
		5D7BBB032B84953D00ED6995 /* HomeViewController.xib in Resources */ = {isa = PBXBuildFile; fileRef = 5D7BBB012B84953D00ED6995 /* HomeViewController.xib */; };
		5D7BBB062B84976300ED6995 /* SVProgressHUD in Frameworks */ = {isa = PBXBuildFile; productRef = 5D7BBB052B84976300ED6995 /* SVProgressHUD */; };
		5DE56E712B85ABEF004B7ED8 /* UIAlertController.swift in Sources */ = {isa = PBXBuildFile; fileRef = 5DE56E702B85ABEF004B7ED8 /* UIAlertController.swift */; };
		5DE56E732B85CF95004B7ED8 /* MovieModel.swift in Sources */ = {isa = PBXBuildFile; fileRef = 5DE56E722B85CF95004B7ED8 /* MovieModel.swift */; };
		5DE56E752B85D028004B7ED8 /* MovieDataSource.swift in Sources */ = {isa = PBXBuildFile; fileRef = 5DE56E742B85D028004B7ED8 /* MovieDataSource.swift */; };
		5DE56E772B85D0A1004B7ED8 /* MovieListParameter.swift in Sources */ = {isa = PBXBuildFile; fileRef = 5DE56E762B85D0A1004B7ED8 /* MovieListParameter.swift */; };
		5DE56E7C2B85D297004B7ED8 /* MovieResponse.swift in Sources */ = {isa = PBXBuildFile; fileRef = 5DE56E7B2B85D297004B7ED8 /* MovieResponse.swift */; };
		5DE56E7E2B85D2D7004B7ED8 /* MovieRepository.swift in Sources */ = {isa = PBXBuildFile; fileRef = 5DE56E7D2B85D2D7004B7ED8 /* MovieRepository.swift */; };
		5DE56E812B85D3B5004B7ED8 /* MovieUseCase.swift in Sources */ = {isa = PBXBuildFile; fileRef = 5DE56E802B85D3B5004B7ED8 /* MovieUseCase.swift */; };
		5DE56E832B85D447004B7ED8 /* HomeViewModel.swift in Sources */ = {isa = PBXBuildFile; fileRef = 5DE56E822B85D447004B7ED8 /* HomeViewModel.swift */; };
		5DE56E862B85E81C004B7ED8 /* UIView.swift in Sources */ = {isa = PBXBuildFile; fileRef = 5DE56E852B85E81C004B7ED8 /* UIView.swift */; };
		5DE56E8A2B85E993004B7ED8 /* MovieTrendingTableViewCell.swift in Sources */ = {isa = PBXBuildFile; fileRef = 5DE56E892B85E993004B7ED8 /* MovieTrendingTableViewCell.swift */; };
		5DE56E8C2B85EA99004B7ED8 /* UICollectionView.swift in Sources */ = {isa = PBXBuildFile; fileRef = 5DE56E8B2B85EA98004B7ED8 /* UICollectionView.swift */; };
		5DE56E8E2B85EB0A004B7ED8 /* UITableView.swift in Sources */ = {isa = PBXBuildFile; fileRef = 5DE56E8D2B85EB0A004B7ED8 /* UITableView.swift */; };
		5DE56E912B85EBC6004B7ED8 /* MovieBannerCardCollectionViewCell.swift in Sources */ = {isa = PBXBuildFile; fileRef = 5DE56E8F2B85EBC6004B7ED8 /* MovieBannerCardCollectionViewCell.swift */; };
		5DE56E922B85EBC6004B7ED8 /* MovieBannerCardCollectionViewCell.xib in Resources */ = {isa = PBXBuildFile; fileRef = 5DE56E902B85EBC6004B7ED8 /* MovieBannerCardCollectionViewCell.xib */; };
		5DE56E942B85F3E1004B7ED8 /* UICollectionViewFlowLayout+Responsive.swift in Sources */ = {isa = PBXBuildFile; fileRef = 5DE56E932B85F3E1004B7ED8 /* UICollectionViewFlowLayout+Responsive.swift */; };
		5DE56E962B85FB67004B7ED8 /* TitleSectionTableViewCell.swift in Sources */ = {isa = PBXBuildFile; fileRef = 5DE56E952B85FB67004B7ED8 /* TitleSectionTableViewCell.swift */; };
		5DE56E982B86149E004B7ED8 /* ConstantsView.swift in Sources */ = {isa = PBXBuildFile; fileRef = 5DE56E972B86149E004B7ED8 /* ConstantsView.swift */; };
		5DE56E9E2B863425004B7ED8 /* DetailViewController.swift in Sources */ = {isa = PBXBuildFile; fileRef = 5DE56E9D2B863425004B7ED8 /* DetailViewController.swift */; };
		5DE56EA02B863432004B7ED8 /* HomeRouter.swift in Sources */ = {isa = PBXBuildFile; fileRef = 5DE56E9F2B863432004B7ED8 /* HomeRouter.swift */; };
		5DE56EA22B863499004B7ED8 /* DetailAssembler.swift in Sources */ = {isa = PBXBuildFile; fileRef = 5DE56EA12B863499004B7ED8 /* DetailAssembler.swift */; };
		5DE56EA42B8634EC004B7ED8 /* DetailViewController.xib in Resources */ = {isa = PBXBuildFile; fileRef = 5DE56EA32B8634EC004B7ED8 /* DetailViewController.xib */; };
		5DE56EA82B8635DE004B7ED8 /* DetailRouter.swift in Sources */ = {isa = PBXBuildFile; fileRef = 5DE56EA72B8635DE004B7ED8 /* DetailRouter.swift */; };
		5DE56EAA2B863CE1004B7ED8 /* MovieDetailParameter.swift in Sources */ = {isa = PBXBuildFile; fileRef = 5DE56EA92B863CE1004B7ED8 /* MovieDetailParameter.swift */; };
		5DE56EAC2B863E6C004B7ED8 /* DetailViewModel.swift in Sources */ = {isa = PBXBuildFile; fileRef = 5DE56EAB2B863E6C004B7ED8 /* DetailViewModel.swift */; };
		5DE56EB02B865C1C004B7ED8 /* MovieCardCollectionViewCell.swift in Sources */ = {isa = PBXBuildFile; fileRef = 5DE56EAE2B865C1C004B7ED8 /* MovieCardCollectionViewCell.swift */; };
		5DE56EB12B865C1C004B7ED8 /* MovieCardCollectionViewCell.xib in Resources */ = {isa = PBXBuildFile; fileRef = 5DE56EAF2B865C1C004B7ED8 /* MovieCardCollectionViewCell.xib */; };
		5DE56EB32B865CA7004B7ED8 /* MovieListTableViewCell.swift in Sources */ = {isa = PBXBuildFile; fileRef = 5DE56EB22B865CA7004B7ED8 /* MovieListTableViewCell.swift */; };
/* End PBXBuildFile section */

/* Begin PBXFileReference section */
		5D7BBA992B844B3F00ED6995 /* MyMovie.app */ = {isa = PBXFileReference; explicitFileType = wrapper.application; includeInIndex = 0; path = MyMovie.app; sourceTree = BUILT_PRODUCTS_DIR; };
		5D7BBA9C2B844B3F00ED6995 /* AppDelegate.swift */ = {isa = PBXFileReference; lastKnownFileType = sourcecode.swift; path = AppDelegate.swift; sourceTree = "<group>"; };
		5D7BBAA52B844B4000ED6995 /* Assets.xcassets */ = {isa = PBXFileReference; lastKnownFileType = folder.assetcatalog; path = Assets.xcassets; sourceTree = "<group>"; };
		5D7BBAA82B844B4000ED6995 /* Base */ = {isa = PBXFileReference; lastKnownFileType = file.storyboard; name = Base; path = Base.lproj/LaunchScreen.storyboard; sourceTree = "<group>"; };
		5D7BBAAA2B844B4000ED6995 /* Info.plist */ = {isa = PBXFileReference; lastKnownFileType = text.plist.xml; path = Info.plist; sourceTree = "<group>"; };
		5D7BBABE2B84511C00ED6995 /* Assembler.swift */ = {isa = PBXFileReference; lastKnownFileType = sourcecode.swift; path = Assembler.swift; sourceTree = "<group>"; };
		5D7BBAC02B84516000ED6995 /* AuthAssembler.swift */ = {isa = PBXFileReference; lastKnownFileType = sourcecode.swift; path = AuthAssembler.swift; sourceTree = "<group>"; };
		5D7BBAC42B8451A700ED6995 /* AuthViewController.swift */ = {isa = PBXFileReference; lastKnownFileType = sourcecode.swift; path = AuthViewController.swift; sourceTree = "<group>"; };
		5D7BBAD12B84552A00ED6995 /* UserDataSource.swift */ = {isa = PBXFileReference; lastKnownFileType = sourcecode.swift; path = UserDataSource.swift; sourceTree = "<group>"; };
		5D7BBAD52B8458AB00ED6995 /* UserModel.swift */ = {isa = PBXFileReference; lastKnownFileType = sourcecode.swift; path = UserModel.swift; sourceTree = "<group>"; };
		5D7BBAD82B845A3900ED6995 /* APIService.swift */ = {isa = PBXFileReference; lastKnownFileType = sourcecode.swift; path = APIService.swift; sourceTree = "<group>"; };
		5D7BBADA2B845BB200ED6995 /* APIError.swift */ = {isa = PBXFileReference; lastKnownFileType = sourcecode.swift; path = APIError.swift; sourceTree = "<group>"; };
		5D7BBADC2B845BDA00ED6995 /* APIFactory.swift */ = {isa = PBXFileReference; lastKnownFileType = sourcecode.swift; path = APIFactory.swift; sourceTree = "<group>"; };
		5D7BBADE2B845BFB00ED6995 /* Encodable.swift */ = {isa = PBXFileReference; lastKnownFileType = sourcecode.swift; path = Encodable.swift; sourceTree = "<group>"; };
		5D7BBAE22B845C3100ED6995 /* UserResponse.swift */ = {isa = PBXFileReference; lastKnownFileType = sourcecode.swift; path = UserResponse.swift; sourceTree = "<group>"; };
		5D7BBAE52B845D2600ED6995 /* MovieAPI.swift */ = {isa = PBXFileReference; lastKnownFileType = sourcecode.swift; path = MovieAPI.swift; sourceTree = "<group>"; };
		5D7BBAE82B845D5100ED6995 /* UserParameter.swift */ = {isa = PBXFileReference; lastKnownFileType = sourcecode.swift; path = UserParameter.swift; sourceTree = "<group>"; };
		5D7BBAEA2B845D6300ED6995 /* Constants.swift */ = {isa = PBXFileReference; lastKnownFileType = sourcecode.swift; path = Constants.swift; sourceTree = "<group>"; };
		5D7BBAEE2B84619A00ED6995 /* UserRepository.swift */ = {isa = PBXFileReference; lastKnownFileType = sourcecode.swift; path = UserRepository.swift; sourceTree = "<group>"; };
		5D7BBAF22B846B5400ED6995 /* AuthUseCase.swift */ = {isa = PBXFileReference; lastKnownFileType = sourcecode.swift; path = AuthUseCase.swift; sourceTree = "<group>"; };
		5D7BBAF52B846D2900ED6995 /* AuthViewModel.swift */ = {isa = PBXFileReference; lastKnownFileType = sourcecode.swift; path = AuthViewModel.swift; sourceTree = "<group>"; };
		5D7BBAF72B846D8300ED6995 /* AuthViewController.xib */ = {isa = PBXFileReference; lastKnownFileType = file.xib; path = AuthViewController.xib; sourceTree = "<group>"; };
		5D7BBAFA2B84703400ED6995 /* UserSessionDataSource.swift */ = {isa = PBXFileReference; lastKnownFileType = sourcecode.swift; path = UserSessionDataSource.swift; sourceTree = "<group>"; };
		5D7BBAFC2B84952100ED6995 /* HomeAssembler.swift */ = {isa = PBXFileReference; lastKnownFileType = sourcecode.swift; path = HomeAssembler.swift; sourceTree = "<group>"; };
		5D7BBB002B84953D00ED6995 /* HomeViewController.swift */ = {isa = PBXFileReference; lastKnownFileType = sourcecode.swift; path = HomeViewController.swift; sourceTree = "<group>"; };
		5D7BBB012B84953D00ED6995 /* HomeViewController.xib */ = {isa = PBXFileReference; lastKnownFileType = file.xib; path = HomeViewController.xib; sourceTree = "<group>"; };
		5DE56E702B85ABEF004B7ED8 /* UIAlertController.swift */ = {isa = PBXFileReference; lastKnownFileType = sourcecode.swift; path = UIAlertController.swift; sourceTree = "<group>"; };
		5DE56E722B85CF95004B7ED8 /* MovieModel.swift */ = {isa = PBXFileReference; lastKnownFileType = sourcecode.swift; path = MovieModel.swift; sourceTree = "<group>"; };
		5DE56E742B85D028004B7ED8 /* MovieDataSource.swift */ = {isa = PBXFileReference; lastKnownFileType = sourcecode.swift; path = MovieDataSource.swift; sourceTree = "<group>"; };
		5DE56E762B85D0A1004B7ED8 /* MovieListParameter.swift */ = {isa = PBXFileReference; lastKnownFileType = sourcecode.swift; path = MovieListParameter.swift; sourceTree = "<group>"; };
		5DE56E7B2B85D297004B7ED8 /* MovieResponse.swift */ = {isa = PBXFileReference; lastKnownFileType = sourcecode.swift; path = MovieResponse.swift; sourceTree = "<group>"; };
		5DE56E7D2B85D2D7004B7ED8 /* MovieRepository.swift */ = {isa = PBXFileReference; lastKnownFileType = sourcecode.swift; path = MovieRepository.swift; sourceTree = "<group>"; };
		5DE56E802B85D3B5004B7ED8 /* MovieUseCase.swift */ = {isa = PBXFileReference; lastKnownFileType = sourcecode.swift; path = MovieUseCase.swift; sourceTree = "<group>"; };
		5DE56E822B85D447004B7ED8 /* HomeViewModel.swift */ = {isa = PBXFileReference; lastKnownFileType = sourcecode.swift; path = HomeViewModel.swift; sourceTree = "<group>"; };
		5DE56E852B85E81C004B7ED8 /* UIView.swift */ = {isa = PBXFileReference; lastKnownFileType = sourcecode.swift; path = UIView.swift; sourceTree = "<group>"; };
		5DE56E892B85E993004B7ED8 /* MovieTrendingTableViewCell.swift */ = {isa = PBXFileReference; lastKnownFileType = sourcecode.swift; path = MovieTrendingTableViewCell.swift; sourceTree = "<group>"; };
		5DE56E8B2B85EA98004B7ED8 /* UICollectionView.swift */ = {isa = PBXFileReference; lastKnownFileType = sourcecode.swift; path = UICollectionView.swift; sourceTree = "<group>"; };
		5DE56E8D2B85EB0A004B7ED8 /* UITableView.swift */ = {isa = PBXFileReference; lastKnownFileType = sourcecode.swift; path = UITableView.swift; sourceTree = "<group>"; };
		5DE56E8F2B85EBC6004B7ED8 /* MovieBannerCardCollectionViewCell.swift */ = {isa = PBXFileReference; lastKnownFileType = sourcecode.swift; path = MovieBannerCardCollectionViewCell.swift; sourceTree = "<group>"; };
		5DE56E902B85EBC6004B7ED8 /* MovieBannerCardCollectionViewCell.xib */ = {isa = PBXFileReference; lastKnownFileType = file.xib; path = MovieBannerCardCollectionViewCell.xib; sourceTree = "<group>"; };
		5DE56E932B85F3E1004B7ED8 /* UICollectionViewFlowLayout+Responsive.swift */ = {isa = PBXFileReference; lastKnownFileType = sourcecode.swift; path = "UICollectionViewFlowLayout+Responsive.swift"; sourceTree = "<group>"; };
		5DE56E952B85FB67004B7ED8 /* TitleSectionTableViewCell.swift */ = {isa = PBXFileReference; lastKnownFileType = sourcecode.swift; path = TitleSectionTableViewCell.swift; sourceTree = "<group>"; };
		5DE56E972B86149E004B7ED8 /* ConstantsView.swift */ = {isa = PBXFileReference; lastKnownFileType = sourcecode.swift; path = ConstantsView.swift; sourceTree = "<group>"; };
		5DE56E9D2B863425004B7ED8 /* DetailViewController.swift */ = {isa = PBXFileReference; lastKnownFileType = sourcecode.swift; path = DetailViewController.swift; sourceTree = "<group>"; };
		5DE56E9F2B863432004B7ED8 /* HomeRouter.swift */ = {isa = PBXFileReference; lastKnownFileType = sourcecode.swift; path = HomeRouter.swift; sourceTree = "<group>"; };
		5DE56EA12B863499004B7ED8 /* DetailAssembler.swift */ = {isa = PBXFileReference; lastKnownFileType = sourcecode.swift; path = DetailAssembler.swift; sourceTree = "<group>"; };
		5DE56EA32B8634EC004B7ED8 /* DetailViewController.xib */ = {isa = PBXFileReference; lastKnownFileType = file.xib; path = DetailViewController.xib; sourceTree = "<group>"; };
		5DE56EA72B8635DE004B7ED8 /* DetailRouter.swift */ = {isa = PBXFileReference; lastKnownFileType = sourcecode.swift; path = DetailRouter.swift; sourceTree = "<group>"; };
		5DE56EA92B863CE1004B7ED8 /* MovieDetailParameter.swift */ = {isa = PBXFileReference; lastKnownFileType = sourcecode.swift; path = MovieDetailParameter.swift; sourceTree = "<group>"; };
		5DE56EAB2B863E6C004B7ED8 /* DetailViewModel.swift */ = {isa = PBXFileReference; lastKnownFileType = sourcecode.swift; path = DetailViewModel.swift; sourceTree = "<group>"; };
		5DE56EAE2B865C1C004B7ED8 /* MovieCardCollectionViewCell.swift */ = {isa = PBXFileReference; lastKnownFileType = sourcecode.swift; path = MovieCardCollectionViewCell.swift; sourceTree = "<group>"; };
		5DE56EAF2B865C1C004B7ED8 /* MovieCardCollectionViewCell.xib */ = {isa = PBXFileReference; lastKnownFileType = file.xib; path = MovieCardCollectionViewCell.xib; sourceTree = "<group>"; };
		5DE56EB22B865CA7004B7ED8 /* MovieListTableViewCell.swift */ = {isa = PBXFileReference; lastKnownFileType = sourcecode.swift; path = MovieListTableViewCell.swift; sourceTree = "<group>"; };
/* End PBXFileReference section */

/* Begin PBXFrameworksBuildPhase section */
		5D7BBA962B844B3F00ED6995 /* Frameworks */ = {
			isa = PBXFrameworksBuildPhase;
			buildActionMask = 2147483647;
			files = (
				5D7BBAB92B8450B800ED6995 /* SDWebImage in Frameworks */,
				5D7BBB062B84976300ED6995 /* SVProgressHUD in Frameworks */,
				5D7BBAB62B84508900ED6995 /* ObjectMapper in Frameworks */,
				5D7BBABB2B8450B800ED6995 /* SDWebImageMapKit in Frameworks */,
				5D7BBAB32B84506600ED6995 /* Alamofire in Frameworks */,
			);
			runOnlyForDeploymentPostprocessing = 0;
		};
/* End PBXFrameworksBuildPhase section */

/* Begin PBXGroup section */
		5D7BBA902B844B3F00ED6995 = {
			isa = PBXGroup;
			children = (
				5D7BBA9B2B844B3F00ED6995 /* MyMovie */,
				5D7BBA9A2B844B3F00ED6995 /* Products */,
			);
			sourceTree = "<group>";
		};
		5D7BBA9A2B844B3F00ED6995 /* Products */ = {
			isa = PBXGroup;
			children = (
				5D7BBA992B844B3F00ED6995 /* MyMovie.app */,
			);
			name = Products;
			sourceTree = "<group>";
		};
		5D7BBA9B2B844B3F00ED6995 /* MyMovie */ = {
			isa = PBXGroup;
			children = (
				5D7BBABC2B8450E000ED6995 /* App */,
				5D7BBAC22B84517C00ED6995 /* Module */,
				5D7BBAC82B8452DC00ED6995 /* Core */,
			);
			path = MyMovie;
			sourceTree = "<group>";
		};
		5D7BBAB02B844F2200ED6995 /* Main */ = {
			isa = PBXGroup;
			children = (
				5D7BBA9C2B844B3F00ED6995 /* AppDelegate.swift */,
				5D7BBAA72B844B4000ED6995 /* LaunchScreen.storyboard */,
			);
			path = Main;
			sourceTree = "<group>";
		};
		5D7BBABC2B8450E000ED6995 /* App */ = {
			isa = PBXGroup;
			children = (
				5D7BBAB02B844F2200ED6995 /* Main */,
				5D7BBABD2B8450E700ED6995 /* Dependecy */,
				5D7BBAC72B84527400ED6995 /* Resource */,
				5DE56E6E2B85ABB7004B7ED8 /* Utils */,
			);
			path = App;
			sourceTree = "<group>";
		};
		5D7BBABD2B8450E700ED6995 /* Dependecy */ = {
			isa = PBXGroup;
			children = (
				5D7BBABE2B84511C00ED6995 /* Assembler.swift */,
				5D7BBAC02B84516000ED6995 /* AuthAssembler.swift */,
				5D7BBAFC2B84952100ED6995 /* HomeAssembler.swift */,
				5DE56EA12B863499004B7ED8 /* DetailAssembler.swift */,
			);
			path = Dependecy;
			sourceTree = "<group>";
		};
		5D7BBAC22B84517C00ED6995 /* Module */ = {
			isa = PBXGroup;
			children = (
				5DE56E9B2B863414004B7ED8 /* Detail */,
				5D7BBAFE2B84952700ED6995 /* Home */,
				5D7BBAC32B84519700ED6995 /* Auth */,
			);
			path = Module;
			sourceTree = "<group>";
		};
		5D7BBAC32B84519700ED6995 /* Auth */ = {
			isa = PBXGroup;
			children = (
				5D7BBAF42B846D1E00ED6995 /* ViewModel */,
				5D7BBAC62B8451C700ED6995 /* View */,
			);
			path = Auth;
			sourceTree = "<group>";
		};
		5D7BBAC62B8451C700ED6995 /* View */ = {
			isa = PBXGroup;
			children = (
				5D7BBAC42B8451A700ED6995 /* AuthViewController.swift */,
				5D7BBAF72B846D8300ED6995 /* AuthViewController.xib */,
			);
			path = View;
			sourceTree = "<group>";
		};
		5D7BBAC72B84527400ED6995 /* Resource */ = {
			isa = PBXGroup;
			children = (
				5D7BBAA52B844B4000ED6995 /* Assets.xcassets */,
				5D7BBAAA2B844B4000ED6995 /* Info.plist */,
			);
			path = Resource;
			sourceTree = "<group>";
		};
		5D7BBAC82B8452DC00ED6995 /* Core */ = {
			isa = PBXGroup;
			children = (
				5D7BBACA2B84535400ED6995 /* Domain */,
				5D7BBAC92B84535000ED6995 /* Data */,
				5D7BBACB2B84535F00ED6995 /* Utils */,
			);
			path = Core;
			sourceTree = "<group>";
		};
		5D7BBAC92B84535000ED6995 /* Data */ = {
			isa = PBXGroup;
			children = (
				5D7BBAED2B84617B00ED6995 /* Repository */,
				5D7BBAEC2B84600D00ED6995 /* Network */,
				5D7BBAE02B845C2000ED6995 /* Entities */,
				5D7BBACC2B84536400ED6995 /* DataSource */,
			);
			path = Data;
			sourceTree = "<group>";
		};
		5D7BBACA2B84535400ED6995 /* Domain */ = {
			isa = PBXGroup;
			children = (
				5D7BBAF02B846B3900ED6995 /* UseCase */,
				5D7BBACE2B84537B00ED6995 /* Model */,
			);
			path = Domain;
			sourceTree = "<group>";
		};
		5D7BBACB2B84535F00ED6995 /* Utils */ = {
			isa = PBXGroup;
			children = (
				5D7BBADE2B845BFB00ED6995 /* Encodable.swift */,
				5D7BBAEA2B845D6300ED6995 /* Constants.swift */,
			);
			path = Utils;
			sourceTree = "<group>";
		};
		5D7BBACC2B84536400ED6995 /* DataSource */ = {
			isa = PBXGroup;
			children = (
				5D7BBAF92B84701F00ED6995 /* Local */,
				5D7BBACD2B84536F00ED6995 /* Remote */,
			);
			path = DataSource;
			sourceTree = "<group>";
		};
		5D7BBACD2B84536F00ED6995 /* Remote */ = {
			isa = PBXGroup;
			children = (
				5D7BBAD12B84552A00ED6995 /* UserDataSource.swift */,
				5DE56E742B85D028004B7ED8 /* MovieDataSource.swift */,
			);
			path = Remote;
			sourceTree = "<group>";
		};
		5D7BBACE2B84537B00ED6995 /* Model */ = {
			isa = PBXGroup;
			children = (
				5D7BBAE72B845D3F00ED6995 /* Parameters */,
				5D7BBAD42B84578B00ED6995 /* User */,
				5D7BBAD32B84578700ED6995 /* Movie */,
			);
			path = Model;
			sourceTree = "<group>";
		};
		5D7BBAD32B84578700ED6995 /* Movie */ = {
			isa = PBXGroup;
			children = (
				5DE56E722B85CF95004B7ED8 /* MovieModel.swift */,
			);
			path = Movie;
			sourceTree = "<group>";
		};
		5D7BBAD42B84578B00ED6995 /* User */ = {
			isa = PBXGroup;
			children = (
				5D7BBAD52B8458AB00ED6995 /* UserModel.swift */,
			);
			path = User;
			sourceTree = "<group>";
		};
		5D7BBAD72B845A1300ED6995 /* Service */ = {
			isa = PBXGroup;
			children = (
				5D7BBAD82B845A3900ED6995 /* APIService.swift */,
				5D7BBADA2B845BB200ED6995 /* APIError.swift */,
				5D7BBADC2B845BDA00ED6995 /* APIFactory.swift */,
			);
			path = Service;
			sourceTree = "<group>";
		};
		5D7BBAE02B845C2000ED6995 /* Entities */ = {
			isa = PBXGroup;
			children = (
				5D7BBAE12B845C2900ED6995 /* Remote */,
			);
			path = Entities;
			sourceTree = "<group>";
		};
		5D7BBAE12B845C2900ED6995 /* Remote */ = {
			isa = PBXGroup;
			children = (
				5D7BBAE22B845C3100ED6995 /* UserResponse.swift */,
				5DE56E7B2B85D297004B7ED8 /* MovieResponse.swift */,
			);
			path = Remote;
			sourceTree = "<group>";
		};
		5D7BBAE42B845CD400ED6995 /* APIs */ = {
			isa = PBXGroup;
			children = (
				5D7BBAE52B845D2600ED6995 /* MovieAPI.swift */,
			);
			path = APIs;
			sourceTree = "<group>";
		};
		5D7BBAE72B845D3F00ED6995 /* Parameters */ = {
			isa = PBXGroup;
			children = (
				5DE56E782B85D0A7004B7ED8 /* User */,
				5DE56E792B85D0AE004B7ED8 /* Movie */,
			);
			path = Parameters;
			sourceTree = "<group>";
		};
		5D7BBAEC2B84600D00ED6995 /* Network */ = {
			isa = PBXGroup;
			children = (
				5D7BBAD72B845A1300ED6995 /* Service */,
				5D7BBAE42B845CD400ED6995 /* APIs */,
			);
			path = Network;
			sourceTree = "<group>";
		};
		5D7BBAED2B84617B00ED6995 /* Repository */ = {
			isa = PBXGroup;
			children = (
				5D7BBAEE2B84619A00ED6995 /* UserRepository.swift */,
				5DE56E7D2B85D2D7004B7ED8 /* MovieRepository.swift */,
			);
			path = Repository;
			sourceTree = "<group>";
		};
		5D7BBAF02B846B3900ED6995 /* UseCase */ = {
			isa = PBXGroup;
			children = (
				5DE56E7F2B85D3AB004B7ED8 /* Movie */,
				5D7BBAF12B846B3E00ED6995 /* Auth */,
			);
			path = UseCase;
			sourceTree = "<group>";
		};
		5D7BBAF12B846B3E00ED6995 /* Auth */ = {
			isa = PBXGroup;
			children = (
				5D7BBAF22B846B5400ED6995 /* AuthUseCase.swift */,
			);
			path = Auth;
			sourceTree = "<group>";
		};
		5D7BBAF42B846D1E00ED6995 /* ViewModel */ = {
			isa = PBXGroup;
			children = (
				5D7BBAF52B846D2900ED6995 /* AuthViewModel.swift */,
			);
			path = ViewModel;
			sourceTree = "<group>";
		};
		5D7BBAF92B84701F00ED6995 /* Local */ = {
			isa = PBXGroup;
			children = (
				5D7BBAFA2B84703400ED6995 /* UserSessionDataSource.swift */,
			);
			path = Local;
			sourceTree = "<group>";
		};
		5D7BBAFE2B84952700ED6995 /* Home */ = {
			isa = PBXGroup;
			children = (
				5DE56E9A2B86340F004B7ED8 /* Router */,
				5DE56E7A2B85D0D5004B7ED8 /* ViewModel */,
				5D7BBAFF2B84952A00ED6995 /* View */,
			);
			path = Home;
			sourceTree = "<group>";
		};
		5D7BBAFF2B84952A00ED6995 /* View */ = {
			isa = PBXGroup;
			children = (
				5DE56E842B85E7EC004B7ED8 /* Cell */,
				5D7BBB002B84953D00ED6995 /* HomeViewController.swift */,
				5D7BBB012B84953D00ED6995 /* HomeViewController.xib */,
			);
			path = View;
			sourceTree = "<group>";
		};
		5DE56E6E2B85ABB7004B7ED8 /* Utils */ = {
			isa = PBXGroup;
			children = (
				5DE56E6F2B85ABD3004B7ED8 /* Extensions */,
				5DE56E972B86149E004B7ED8 /* ConstantsView.swift */,
			);
			path = Utils;
			sourceTree = "<group>";
		};
		5DE56E6F2B85ABD3004B7ED8 /* Extensions */ = {
			isa = PBXGroup;
			children = (
				5DE56E702B85ABEF004B7ED8 /* UIAlertController.swift */,
				5DE56E852B85E81C004B7ED8 /* UIView.swift */,
				5DE56E8B2B85EA98004B7ED8 /* UICollectionView.swift */,
				5DE56E8D2B85EB0A004B7ED8 /* UITableView.swift */,
				5DE56E932B85F3E1004B7ED8 /* UICollectionViewFlowLayout+Responsive.swift */,
			);
			path = Extensions;
			sourceTree = "<group>";
		};
		5DE56E782B85D0A7004B7ED8 /* User */ = {
			isa = PBXGroup;
			children = (
				5D7BBAE82B845D5100ED6995 /* UserParameter.swift */,
			);
			path = User;
			sourceTree = "<group>";
		};
		5DE56E792B85D0AE004B7ED8 /* Movie */ = {
			isa = PBXGroup;
			children = (
				5DE56E762B85D0A1004B7ED8 /* MovieListParameter.swift */,
				5DE56EA92B863CE1004B7ED8 /* MovieDetailParameter.swift */,
			);
			path = Movie;
			sourceTree = "<group>";
		};
		5DE56E7A2B85D0D5004B7ED8 /* ViewModel */ = {
			isa = PBXGroup;
			children = (
				5DE56E822B85D447004B7ED8 /* HomeViewModel.swift */,
			);
			path = ViewModel;
			sourceTree = "<group>";
		};
		5DE56E7F2B85D3AB004B7ED8 /* Movie */ = {
			isa = PBXGroup;
			children = (
				5DE56E802B85D3B5004B7ED8 /* MovieUseCase.swift */,
			);
			path = Movie;
			sourceTree = "<group>";
		};
		5DE56E842B85E7EC004B7ED8 /* Cell */ = {
			isa = PBXGroup;
			children = (
				5DE56E872B85E92A004B7ED8 /* TableView */,
				5DE56E882B85E930004B7ED8 /* CollectionView */,
			);
			path = Cell;
			sourceTree = "<group>";
		};
		5DE56E872B85E92A004B7ED8 /* TableView */ = {
			isa = PBXGroup;
			children = (
				5DE56E892B85E993004B7ED8 /* MovieTrendingTableViewCell.swift */,
				5DE56E952B85FB67004B7ED8 /* TitleSectionTableViewCell.swift */,
				5DE56EB22B865CA7004B7ED8 /* MovieListTableViewCell.swift */,
			);
			path = TableView;
			sourceTree = "<group>";
		};
		5DE56E882B85E930004B7ED8 /* CollectionView */ = {
			isa = PBXGroup;
			children = (
				5DE56EAD2B865C0A004B7ED8 /* MovieCard */,
				5DE56E992B8633B1004B7ED8 /* MovieBannerCard */,
			);
			path = CollectionView;
			sourceTree = "<group>";
		};
		5DE56E992B8633B1004B7ED8 /* MovieBannerCard */ = {
			isa = PBXGroup;
			children = (
				5DE56E8F2B85EBC6004B7ED8 /* MovieBannerCardCollectionViewCell.swift */,
				5DE56E902B85EBC6004B7ED8 /* MovieBannerCardCollectionViewCell.xib */,
			);
			path = MovieBannerCard;
			sourceTree = "<group>";
		};
		5DE56E9A2B86340F004B7ED8 /* Router */ = {
			isa = PBXGroup;
			children = (
				5DE56E9F2B863432004B7ED8 /* HomeRouter.swift */,
			);
			path = Router;
			sourceTree = "<group>";
		};
		5DE56E9B2B863414004B7ED8 /* Detail */ = {
			isa = PBXGroup;
			children = (
				5DE56EA62B8635D5004B7ED8 /* Router */,
				5DE56EA52B863536004B7ED8 /* ViewModel */,
				5DE56E9C2B863419004B7ED8 /* View */,
			);
			path = Detail;
			sourceTree = "<group>";
		};
		5DE56E9C2B863419004B7ED8 /* View */ = {
			isa = PBXGroup;
			children = (
				5DE56E9D2B863425004B7ED8 /* DetailViewController.swift */,
				5DE56EA32B8634EC004B7ED8 /* DetailViewController.xib */,
			);
			path = View;
			sourceTree = "<group>";
		};
		5DE56EA52B863536004B7ED8 /* ViewModel */ = {
			isa = PBXGroup;
			children = (
				5DE56EAB2B863E6C004B7ED8 /* DetailViewModel.swift */,
			);
			path = ViewModel;
			sourceTree = "<group>";
		};
		5DE56EA62B8635D5004B7ED8 /* Router */ = {
			isa = PBXGroup;
			children = (
				5DE56EA72B8635DE004B7ED8 /* DetailRouter.swift */,
			);
			path = Router;
			sourceTree = "<group>";
		};
		5DE56EAD2B865C0A004B7ED8 /* MovieCard */ = {
			isa = PBXGroup;
			children = (
				5DE56EAE2B865C1C004B7ED8 /* MovieCardCollectionViewCell.swift */,
				5DE56EAF2B865C1C004B7ED8 /* MovieCardCollectionViewCell.xib */,
			);
			path = MovieCard;
			sourceTree = "<group>";
		};
/* End PBXGroup section */

/* Begin PBXNativeTarget section */
		5D7BBA982B844B3F00ED6995 /* MyMovie */ = {
			isa = PBXNativeTarget;
			buildConfigurationList = 5D7BBAAD2B844B4000ED6995 /* Build configuration list for PBXNativeTarget "MyMovie" */;
			buildPhases = (
				5D7BBA952B844B3F00ED6995 /* Sources */,
				5D7BBA962B844B3F00ED6995 /* Frameworks */,
				5D7BBA972B844B3F00ED6995 /* Resources */,
			);
			buildRules = (
			);
			dependencies = (
			);
			name = MyMovie;
			packageProductDependencies = (
				5D7BBAB22B84506600ED6995 /* Alamofire */,
				5D7BBAB52B84508900ED6995 /* ObjectMapper */,
				5D7BBAB82B8450B800ED6995 /* SDWebImage */,
				5D7BBABA2B8450B800ED6995 /* SDWebImageMapKit */,
				5D7BBB052B84976300ED6995 /* SVProgressHUD */,
			);
			productName = MyMovie;
			productReference = 5D7BBA992B844B3F00ED6995 /* MyMovie.app */;
			productType = "com.apple.product-type.application";
		};
/* End PBXNativeTarget section */

/* Begin PBXProject section */
		5D7BBA912B844B3F00ED6995 /* Project object */ = {
			isa = PBXProject;
			attributes = {
				BuildIndependentTargetsInParallel = 1;
				LastSwiftUpdateCheck = 1520;
				LastUpgradeCheck = 1520;
				TargetAttributes = {
					5D7BBA982B844B3F00ED6995 = {
						CreatedOnToolsVersion = 15.2;
					};
				};
			};
			buildConfigurationList = 5D7BBA942B844B3F00ED6995 /* Build configuration list for PBXProject "MyMovie" */;
			compatibilityVersion = "Xcode 14.0";
			developmentRegion = en;
			hasScannedForEncodings = 0;
			knownRegions = (
				en,
				Base,
			);
			mainGroup = 5D7BBA902B844B3F00ED6995;
			packageReferences = (
				5D7BBAB12B84506600ED6995 /* XCRemoteSwiftPackageReference "Alamofire" */,
				5D7BBAB42B84508900ED6995 /* XCRemoteSwiftPackageReference "ObjectMapper" */,
				5D7BBAB72B8450B800ED6995 /* XCRemoteSwiftPackageReference "SDWebImage" */,
				5D7BBB042B84976300ED6995 /* XCRemoteSwiftPackageReference "SVProgressHUD" */,
			);
			productRefGroup = 5D7BBA9A2B844B3F00ED6995 /* Products */;
			projectDirPath = "";
			projectRoot = "";
			targets = (
				5D7BBA982B844B3F00ED6995 /* MyMovie */,
			);
		};
/* End PBXProject section */

/* Begin PBXResourcesBuildPhase section */
		5D7BBA972B844B3F00ED6995 /* Resources */ = {
			isa = PBXResourcesBuildPhase;
			buildActionMask = 2147483647;
			files = (
				5DE56EB12B865C1C004B7ED8 /* MovieCardCollectionViewCell.xib in Resources */,
				5D7BBAA92B844B4000ED6995 /* LaunchScreen.storyboard in Resources */,
				5DE56EA42B8634EC004B7ED8 /* DetailViewController.xib in Resources */,
				5DE56E922B85EBC6004B7ED8 /* MovieBannerCardCollectionViewCell.xib in Resources */,
				5D7BBAF82B846D8300ED6995 /* AuthViewController.xib in Resources */,
				5D7BBAA62B844B4000ED6995 /* Assets.xcassets in Resources */,
				5D7BBB032B84953D00ED6995 /* HomeViewController.xib in Resources */,
			);
			runOnlyForDeploymentPostprocessing = 0;
		};
/* End PBXResourcesBuildPhase section */

/* Begin PBXSourcesBuildPhase section */
		5D7BBA952B844B3F00ED6995 /* Sources */ = {
			isa = PBXSourcesBuildPhase;
			buildActionMask = 2147483647;
			files = (
				5DE56E772B85D0A1004B7ED8 /* MovieListParameter.swift in Sources */,
				5D7BBAFB2B84703400ED6995 /* UserSessionDataSource.swift in Sources */,
				5D7BBAFD2B84952100ED6995 /* HomeAssembler.swift in Sources */,
				5D7BBAE62B845D2600ED6995 /* MovieAPI.swift in Sources */,
				5DE56EA22B863499004B7ED8 /* DetailAssembler.swift in Sources */,
				5DE56E862B85E81C004B7ED8 /* UIView.swift in Sources */,
				5D7BBAD62B8458AB00ED6995 /* UserModel.swift in Sources */,
				5DE56E812B85D3B5004B7ED8 /* MovieUseCase.swift in Sources */,
				5D7BBB022B84953D00ED6995 /* HomeViewController.swift in Sources */,
				5D7BBABF2B84511C00ED6995 /* Assembler.swift in Sources */,
				5DE56E752B85D028004B7ED8 /* MovieDataSource.swift in Sources */,
				5D7BBAC52B8451A700ED6995 /* AuthViewController.swift in Sources */,
				5D7BBAEB2B845D6300ED6995 /* Constants.swift in Sources */,
				5D7BBAC12B84516000ED6995 /* AuthAssembler.swift in Sources */,
				5DE56E8E2B85EB0A004B7ED8 /* UITableView.swift in Sources */,
				5D7BBAE92B845D5100ED6995 /* UserParameter.swift in Sources */,
				5DE56E8A2B85E993004B7ED8 /* MovieTrendingTableViewCell.swift in Sources */,
				5DE56E712B85ABEF004B7ED8 /* UIAlertController.swift in Sources */,
				5DE56EB32B865CA7004B7ED8 /* MovieListTableViewCell.swift in Sources */,
				5D7BBAF62B846D2900ED6995 /* AuthViewModel.swift in Sources */,
				5DE56E9E2B863425004B7ED8 /* DetailViewController.swift in Sources */,
				5DE56E942B85F3E1004B7ED8 /* UICollectionViewFlowLayout+Responsive.swift in Sources */,
				5D7BBA9D2B844B3F00ED6995 /* AppDelegate.swift in Sources */,
				5D7BBAD92B845A3900ED6995 /* APIService.swift in Sources */,
				5DE56EAA2B863CE1004B7ED8 /* MovieDetailParameter.swift in Sources */,
				5DE56EB02B865C1C004B7ED8 /* MovieCardCollectionViewCell.swift in Sources */,
				5DE56E7C2B85D297004B7ED8 /* MovieResponse.swift in Sources */,
				5DE56EA02B863432004B7ED8 /* HomeRouter.swift in Sources */,
				5DE56EA82B8635DE004B7ED8 /* DetailRouter.swift in Sources */,
				5D7BBAD22B84552A00ED6995 /* UserDataSource.swift in Sources */,
				5D7BBADB2B845BB200ED6995 /* APIError.swift in Sources */,
				5D7BBAF32B846B5400ED6995 /* AuthUseCase.swift in Sources */,
				5D7BBADD2B845BDA00ED6995 /* APIFactory.swift in Sources */,
				5DE56E962B85FB67004B7ED8 /* TitleSectionTableViewCell.swift in Sources */,
				5DE56E8C2B85EA99004B7ED8 /* UICollectionView.swift in Sources */,
				5D7BBADF2B845BFB00ED6995 /* Encodable.swift in Sources */,
				5DE56E832B85D447004B7ED8 /* HomeViewModel.swift in Sources */,
				5D7BBAEF2B84619A00ED6995 /* UserRepository.swift in Sources */,
				5DE56E732B85CF95004B7ED8 /* MovieModel.swift in Sources */,
				5DE56EAC2B863E6C004B7ED8 /* DetailViewModel.swift in Sources */,
				5DE56E7E2B85D2D7004B7ED8 /* MovieRepository.swift in Sources */,
				5D7BBAE32B845C3100ED6995 /* UserResponse.swift in Sources */,
				5DE56E912B85EBC6004B7ED8 /* MovieBannerCardCollectionViewCell.swift in Sources */,
				5DE56E982B86149E004B7ED8 /* ConstantsView.swift in Sources */,
			);
			runOnlyForDeploymentPostprocessing = 0;
		};
/* End PBXSourcesBuildPhase section */

/* Begin PBXVariantGroup section */
		5D7BBAA72B844B4000ED6995 /* LaunchScreen.storyboard */ = {
			isa = PBXVariantGroup;
			children = (
				5D7BBAA82B844B4000ED6995 /* Base */,
			);
			name = LaunchScreen.storyboard;
			sourceTree = "<group>";
		};
/* End PBXVariantGroup section */

/* Begin XCBuildConfiguration section */
		5D7BBAAB2B844B4000ED6995 /* Debug */ = {
			isa = XCBuildConfiguration;
			buildSettings = {
				ALWAYS_SEARCH_USER_PATHS = NO;
				ASSETCATALOG_COMPILER_GENERATE_SWIFT_ASSET_SYMBOL_EXTENSIONS = YES;
				CLANG_ANALYZER_NONNULL = YES;
				CLANG_ANALYZER_NUMBER_OBJECT_CONVERSION = YES_AGGRESSIVE;
				CLANG_CXX_LANGUAGE_STANDARD = "gnu++20";
				CLANG_ENABLE_MODULES = YES;
				CLANG_ENABLE_OBJC_ARC = YES;
				CLANG_ENABLE_OBJC_WEAK = YES;
				CLANG_WARN_BLOCK_CAPTURE_AUTORELEASING = YES;
				CLANG_WARN_BOOL_CONVERSION = YES;
				CLANG_WARN_COMMA = YES;
				CLANG_WARN_CONSTANT_CONVERSION = YES;
				CLANG_WARN_DEPRECATED_OBJC_IMPLEMENTATIONS = YES;
				CLANG_WARN_DIRECT_OBJC_ISA_USAGE = YES_ERROR;
				CLANG_WARN_DOCUMENTATION_COMMENTS = YES;
				CLANG_WARN_EMPTY_BODY = YES;
				CLANG_WARN_ENUM_CONVERSION = YES;
				CLANG_WARN_INFINITE_RECURSION = YES;
				CLANG_WARN_INT_CONVERSION = YES;
				CLANG_WARN_NON_LITERAL_NULL_CONVERSION = YES;
				CLANG_WARN_OBJC_IMPLICIT_RETAIN_SELF = YES;
				CLANG_WARN_OBJC_LITERAL_CONVERSION = YES;
				CLANG_WARN_OBJC_ROOT_CLASS = YES_ERROR;
				CLANG_WARN_QUOTED_INCLUDE_IN_FRAMEWORK_HEADER = YES;
				CLANG_WARN_RANGE_LOOP_ANALYSIS = YES;
				CLANG_WARN_STRICT_PROTOTYPES = YES;
				CLANG_WARN_SUSPICIOUS_MOVE = YES;
				CLANG_WARN_UNGUARDED_AVAILABILITY = YES_AGGRESSIVE;
				CLANG_WARN_UNREACHABLE_CODE = YES;
				CLANG_WARN__DUPLICATE_METHOD_MATCH = YES;
				COPY_PHASE_STRIP = NO;
				DEBUG_INFORMATION_FORMAT = dwarf;
				ENABLE_STRICT_OBJC_MSGSEND = YES;
				ENABLE_TESTABILITY = YES;
				ENABLE_USER_SCRIPT_SANDBOXING = YES;
				GCC_C_LANGUAGE_STANDARD = gnu17;
				GCC_DYNAMIC_NO_PIC = NO;
				GCC_NO_COMMON_BLOCKS = YES;
				GCC_OPTIMIZATION_LEVEL = 0;
				GCC_PREPROCESSOR_DEFINITIONS = (
					"DEBUG=1",
					"$(inherited)",
				);
				GCC_WARN_64_TO_32_BIT_CONVERSION = YES;
				GCC_WARN_ABOUT_RETURN_TYPE = YES_ERROR;
				GCC_WARN_UNDECLARED_SELECTOR = YES;
				GCC_WARN_UNINITIALIZED_AUTOS = YES_AGGRESSIVE;
				GCC_WARN_UNUSED_FUNCTION = YES;
				GCC_WARN_UNUSED_VARIABLE = YES;
				IPHONEOS_DEPLOYMENT_TARGET = 17.2;
				LOCALIZATION_PREFERS_STRING_CATALOGS = YES;
				MTL_ENABLE_DEBUG_INFO = INCLUDE_SOURCE;
				MTL_FAST_MATH = YES;
				ONLY_ACTIVE_ARCH = YES;
				SDKROOT = iphoneos;
				SWIFT_ACTIVE_COMPILATION_CONDITIONS = "DEBUG $(inherited)";
				SWIFT_OPTIMIZATION_LEVEL = "-Onone";
			};
			name = Debug;
		};
		5D7BBAAC2B844B4000ED6995 /* Release */ = {
			isa = XCBuildConfiguration;
			buildSettings = {
				ALWAYS_SEARCH_USER_PATHS = NO;
				ASSETCATALOG_COMPILER_GENERATE_SWIFT_ASSET_SYMBOL_EXTENSIONS = YES;
				CLANG_ANALYZER_NONNULL = YES;
				CLANG_ANALYZER_NUMBER_OBJECT_CONVERSION = YES_AGGRESSIVE;
				CLANG_CXX_LANGUAGE_STANDARD = "gnu++20";
				CLANG_ENABLE_MODULES = YES;
				CLANG_ENABLE_OBJC_ARC = YES;
				CLANG_ENABLE_OBJC_WEAK = YES;
				CLANG_WARN_BLOCK_CAPTURE_AUTORELEASING = YES;
				CLANG_WARN_BOOL_CONVERSION = YES;
				CLANG_WARN_COMMA = YES;
				CLANG_WARN_CONSTANT_CONVERSION = YES;
				CLANG_WARN_DEPRECATED_OBJC_IMPLEMENTATIONS = YES;
				CLANG_WARN_DIRECT_OBJC_ISA_USAGE = YES_ERROR;
				CLANG_WARN_DOCUMENTATION_COMMENTS = YES;
				CLANG_WARN_EMPTY_BODY = YES;
				CLANG_WARN_ENUM_CONVERSION = YES;
				CLANG_WARN_INFINITE_RECURSION = YES;
				CLANG_WARN_INT_CONVERSION = YES;
				CLANG_WARN_NON_LITERAL_NULL_CONVERSION = YES;
				CLANG_WARN_OBJC_IMPLICIT_RETAIN_SELF = YES;
				CLANG_WARN_OBJC_LITERAL_CONVERSION = YES;
				CLANG_WARN_OBJC_ROOT_CLASS = YES_ERROR;
				CLANG_WARN_QUOTED_INCLUDE_IN_FRAMEWORK_HEADER = YES;
				CLANG_WARN_RANGE_LOOP_ANALYSIS = YES;
				CLANG_WARN_STRICT_PROTOTYPES = YES;
				CLANG_WARN_SUSPICIOUS_MOVE = YES;
				CLANG_WARN_UNGUARDED_AVAILABILITY = YES_AGGRESSIVE;
				CLANG_WARN_UNREACHABLE_CODE = YES;
				CLANG_WARN__DUPLICATE_METHOD_MATCH = YES;
				COPY_PHASE_STRIP = NO;
				DEBUG_INFORMATION_FORMAT = "dwarf-with-dsym";
				ENABLE_NS_ASSERTIONS = NO;
				ENABLE_STRICT_OBJC_MSGSEND = YES;
				ENABLE_USER_SCRIPT_SANDBOXING = YES;
				GCC_C_LANGUAGE_STANDARD = gnu17;
				GCC_NO_COMMON_BLOCKS = YES;
				GCC_WARN_64_TO_32_BIT_CONVERSION = YES;
				GCC_WARN_ABOUT_RETURN_TYPE = YES_ERROR;
				GCC_WARN_UNDECLARED_SELECTOR = YES;
				GCC_WARN_UNINITIALIZED_AUTOS = YES_AGGRESSIVE;
				GCC_WARN_UNUSED_FUNCTION = YES;
				GCC_WARN_UNUSED_VARIABLE = YES;
				IPHONEOS_DEPLOYMENT_TARGET = 17.2;
				LOCALIZATION_PREFERS_STRING_CATALOGS = YES;
				MTL_ENABLE_DEBUG_INFO = NO;
				MTL_FAST_MATH = YES;
				SDKROOT = iphoneos;
				SWIFT_COMPILATION_MODE = wholemodule;
				VALIDATE_PRODUCT = YES;
			};
			name = Release;
		};
		5D7BBAAE2B844B4000ED6995 /* Debug */ = {
			isa = XCBuildConfiguration;
			buildSettings = {
				ASSETCATALOG_COMPILER_APPICON_NAME = AppIcon;
				ASSETCATALOG_COMPILER_GLOBAL_ACCENT_COLOR_NAME = AccentColor;
				CODE_SIGN_STYLE = Automatic;
				CURRENT_PROJECT_VERSION = 1;
				DEVELOPMENT_TEAM = 3HH926728D;
				GENERATE_INFOPLIST_FILE = YES;
				INFOPLIST_FILE = MyMovie/Info.plist;
				INFOPLIST_KEY_LSApplicationCategoryType = "public.app-category.entertainment";
				INFOPLIST_KEY_UIApplicationSupportsIndirectInputEvents = YES;
				INFOPLIST_KEY_UILaunchStoryboardName = LaunchScreen;
				INFOPLIST_KEY_UISupportedInterfaceOrientations = UIInterfaceOrientationPortrait;
				INFOPLIST_KEY_UIUserInterfaceStyle = Dark;
				IPHONEOS_DEPLOYMENT_TARGET = 12.0;
				LD_RUNPATH_SEARCH_PATHS = (
					"$(inherited)",
					"@executable_path/Frameworks",
				);
				MARKETING_VERSION = 1.0;
				PRODUCT_BUNDLE_IDENTIFIER = mfa.MyMovie;
				PRODUCT_NAME = "$(TARGET_NAME)";
				SWIFT_EMIT_LOC_STRINGS = YES;
				SWIFT_VERSION = 5.0;
				TARGETED_DEVICE_FAMILY = "1,2";
			};
			name = Debug;
		};
		5D7BBAAF2B844B4000ED6995 /* Release */ = {
			isa = XCBuildConfiguration;
			buildSettings = {
				ASSETCATALOG_COMPILER_APPICON_NAME = AppIcon;
				ASSETCATALOG_COMPILER_GLOBAL_ACCENT_COLOR_NAME = AccentColor;
				CODE_SIGN_STYLE = Automatic;
				CURRENT_PROJECT_VERSION = 1;
				DEVELOPMENT_TEAM = 3HH926728D;
				GENERATE_INFOPLIST_FILE = YES;
				INFOPLIST_FILE = MyMovie/Info.plist;
				INFOPLIST_KEY_LSApplicationCategoryType = "public.app-category.entertainment";
				INFOPLIST_KEY_UIApplicationSupportsIndirectInputEvents = YES;
				INFOPLIST_KEY_UILaunchStoryboardName = LaunchScreen;
				INFOPLIST_KEY_UISupportedInterfaceOrientations = UIInterfaceOrientationPortrait;
				INFOPLIST_KEY_UIUserInterfaceStyle = Dark;
				IPHONEOS_DEPLOYMENT_TARGET = 12.0;
				LD_RUNPATH_SEARCH_PATHS = (
					"$(inherited)",
					"@executable_path/Frameworks",
				);
				MARKETING_VERSION = 1.0;
				PRODUCT_BUNDLE_IDENTIFIER = mfa.MyMovie;
				PRODUCT_NAME = "$(TARGET_NAME)";
				SWIFT_EMIT_LOC_STRINGS = YES;
				SWIFT_VERSION = 5.0;
				TARGETED_DEVICE_FAMILY = "1,2";
			};
			name = Release;
		};
/* End XCBuildConfiguration section */

/* Begin XCConfigurationList section */
		5D7BBA942B844B3F00ED6995 /* Build configuration list for PBXProject "MyMovie" */ = {
			isa = XCConfigurationList;
			buildConfigurations = (
				5D7BBAAB2B844B4000ED6995 /* Debug */,
				5D7BBAAC2B844B4000ED6995 /* Release */,
			);
			defaultConfigurationIsVisible = 0;
			defaultConfigurationName = Release;
		};
		5D7BBAAD2B844B4000ED6995 /* Build configuration list for PBXNativeTarget "MyMovie" */ = {
			isa = XCConfigurationList;
			buildConfigurations = (
				5D7BBAAE2B844B4000ED6995 /* Debug */,
				5D7BBAAF2B844B4000ED6995 /* Release */,
			);
			defaultConfigurationIsVisible = 0;
			defaultConfigurationName = Release;
		};
/* End XCConfigurationList section */

/* Begin XCRemoteSwiftPackageReference section */
		5D7BBAB12B84506600ED6995 /* XCRemoteSwiftPackageReference "Alamofire" */ = {
			isa = XCRemoteSwiftPackageReference;
			repositoryURL = "https://github.com/Alamofire/Alamofire.git";
			requirement = {
				kind = upToNextMajorVersion;
				minimumVersion = 5.8.1;
			};
		};
		5D7BBAB42B84508900ED6995 /* XCRemoteSwiftPackageReference "ObjectMapper" */ = {
			isa = XCRemoteSwiftPackageReference;
			repositoryURL = "https://github.com/tristanhimmelman/ObjectMapper.git";
			requirement = {
				kind = upToNextMajorVersion;
				minimumVersion = 4.2.0;
			};
		};
		5D7BBAB72B8450B800ED6995 /* XCRemoteSwiftPackageReference "SDWebImage" */ = {
			isa = XCRemoteSwiftPackageReference;
			repositoryURL = "https://github.com/SDWebImage/SDWebImage.git";
			requirement = {
				kind = upToNextMajorVersion;
				minimumVersion = 5.18.11;
			};
		};
		5D7BBB042B84976300ED6995 /* XCRemoteSwiftPackageReference "SVProgressHUD" */ = {
			isa = XCRemoteSwiftPackageReference;
			repositoryURL = "https://github.com/SVProgressHUD/SVProgressHUD.git";
			requirement = {
				kind = upToNextMajorVersion;
				minimumVersion = 2.3.1;
			};
		};
/* End XCRemoteSwiftPackageReference section */

/* Begin XCSwiftPackageProductDependency section */
		5D7BBAB22B84506600ED6995 /* Alamofire */ = {
			isa = XCSwiftPackageProductDependency;
			package = 5D7BBAB12B84506600ED6995 /* XCRemoteSwiftPackageReference "Alamofire" */;
			productName = Alamofire;
		};
		5D7BBAB52B84508900ED6995 /* ObjectMapper */ = {
			isa = XCSwiftPackageProductDependency;
			package = 5D7BBAB42B84508900ED6995 /* XCRemoteSwiftPackageReference "ObjectMapper" */;
			productName = ObjectMapper;
		};
		5D7BBAB82B8450B800ED6995 /* SDWebImage */ = {
			isa = XCSwiftPackageProductDependency;
			package = 5D7BBAB72B8450B800ED6995 /* XCRemoteSwiftPackageReference "SDWebImage" */;
			productName = SDWebImage;
		};
		5D7BBABA2B8450B800ED6995 /* SDWebImageMapKit */ = {
			isa = XCSwiftPackageProductDependency;
			package = 5D7BBAB72B8450B800ED6995 /* XCRemoteSwiftPackageReference "SDWebImage" */;
			productName = SDWebImageMapKit;
		};
		5D7BBB052B84976300ED6995 /* SVProgressHUD */ = {
			isa = XCSwiftPackageProductDependency;
			package = 5D7BBB042B84976300ED6995 /* XCRemoteSwiftPackageReference "SVProgressHUD" */;
			productName = SVProgressHUD;
		};
/* End XCSwiftPackageProductDependency section */
	};
	rootObject = 5D7BBA912B844B3F00ED6995 /* Project object */;
}
